<?xml version="1.0" encoding="utf-8"?>
<Project ToolsVersion="4.0" xmlns="http://schemas.microsoft.com/developer/msbuild/2003">
  <ItemGroup>
    <Filter Include="Source Files">
      <UniqueIdentifier>{4FC737F1-C7A5-4376-A066-2A32D752A2FF}</UniqueIdentifier>
      <Extensions>cpp;c;cc;cxx;c++;cppm;ixx;def;odl;idl;hpj;bat;asm;asmx</Extensions>
    </Filter>
    <Filter Include="Header Files">
      <UniqueIdentifier>{93995380-89BD-4b04-88EB-625FBE52EBFB}</UniqueIdentifier>
      <Extensions>h;hh;hpp;hxx;h++;hm;inl;inc;ipp;xsd</Extensions>
    </Filter>
    <Filter Include="Resource Files">
      <UniqueIdentifier>{67DA6AB6-F800-4c08-8B7A-83BB121AAD01}</UniqueIdentifier>
      <Extensions>rc;ico;cur;bmp;dlg;rc2;rct;bin;rgs;gif;jpg;jpeg;jpe;resx;tiff;tif;png;wav;mfcribbon-ms</Extensions>
    </Filter>
    <Filter Include="Header Files\Solvers">
      <UniqueIdentifier>{389fbff1-6611-482a-ab7b-924cc635b8ce}</UniqueIdentifier>
    </Filter>
    <Filter Include="Source Files\Solvers">
      <UniqueIdentifier>{58ad2e0d-f702-4b1c-84f5-646901d4acf4}</UniqueIdentifier>
    </Filter>
    <Filter Include="Source Files\Problems">
      <UniqueIdentifier>{068a106a-019d-489c-9e33-271ed3cca44e}</UniqueIdentifier>
    </Filter>
    <Filter Include="Header Files\Problems">
      <UniqueIdentifier>{c9967c6b-4947-4319-b3eb-e72455a62e51}</UniqueIdentifier>
    </Filter>
    <Filter Include="Source Files\Utilities">
      <UniqueIdentifier>{4293be89-6cf0-4488-8abc-3a01d6864588}</UniqueIdentifier>
    </Filter>
    <Filter Include="Header Files\Utilities">
      <UniqueIdentifier>{af34635e-6b52-4f6f-8f66-ce638caa991f}</UniqueIdentifier>
    </Filter>
  </ItemGroup>
  <ItemGroup>
    <ClCompile Include="HalAlg_feleves.cpp">
      <Filter>Source Files</Filter>
    </ClCompile>
    <ClCompile Include="FunctionApproximation.cpp">
      <Filter>Source Files\Problems</Filter>
    </ClCompile>
    <ClCompile Include="FunctionApproximation_PSO.cpp">
      <Filter>Source Files\Solvers</Filter>
    </ClCompile>
    <ClCompile Include="RandomGenerator.cpp">
      <Filter>Source Files\Utilities</Filter>
    </ClCompile>
    <ClCompile Include="SmallestBoundaryPolygon.cpp">
      <Filter>Source Files\Problems</Filter>
    </ClCompile>
    <ClCompile Include="SBPolygon_SimulatedAnnealing.cpp">
      <Filter>Source Files\Solvers</Filter>
    </ClCompile>
    <ClCompile Include="TravellingSalesman.cpp">
      <Filter>Source Files\Problems</Filter>
    </ClCompile>
    <ClCompile Include="TravellingSalesman_TABU.cpp">
      <Filter>Source Files\Solvers</Filter>
    </ClCompile>
  </ItemGroup>
  <ItemGroup>
    <ClInclude Include="FunctionApproximation.h">
      <Filter>Header Files\Problems</Filter>
    </ClInclude>
    <ClInclude Include="FunctionApproximation_PSO.h">
      <Filter>Header Files\Solvers</Filter>
    </ClInclude>
    <ClInclude Include="RandomGenerator.h">
      <Filter>Header Files\Utilities</Filter>
    </ClInclude>
    <ClInclude Include="SmallestBoundaryPolygon.h">
      <Filter>Header Files\Problems</Filter>
    </ClInclude>
    <ClInclude Include="SBPolygon_SimulatedAnnealing.h">
      <Filter>Header Files\Solvers</Filter>
    </ClInclude>
    <ClInclude Include="TravellingSalesman.h">
      <Filter>Header Files\Problems</Filter>
    </ClInclude>
    <ClInclude Include="TravellingSalesman_TABU.h">
      <Filter>Header Files\Solvers</Filter>
    </ClInclude>
  </ItemGroup>
</Project>